
Microsoft Visual Studio Solution File, Format Version 11.00
# Visual Studio 2010
Project("{FAE04EC0-301F-11D3-BF4B-00C04F79EFBC}") = "WebEve", "WebEve\WebEve.csproj", "{FAD24787-F032-4C5B-AA08-049246B04708}"
EndProject
Project("{FAE04EC0-301F-11D3-BF4B-00C04F79EFBC}") = "WebEve.Tests", "WebEve.Tests\WebEve.Tests.csproj", "{6C661C96-CB6B-4336-8313-F72AE3B13612}"
EndProject
Global
	GlobalSection(SolutionConfigurationPlatforms) = preSolution
		Debug|Any CPU = Debug|Any CPU
		Release|Any CPU = Release|Any CPU
	EndGlobalSection
	GlobalSection(ProjectConfigurationPlatforms) = postSolution
		{FAD24787-F032-4C5B-AA08-049246B04708}.Debug|Any CPU.ActiveCfg = Debug|Any CPU
		{FAD24787-F032-4C5B-AA08-049246B04708}.Debug|Any CPU.Build.0 = Debug|Any CPU
		{FAD24787-F032-4C5B-AA08-049246B04708}.Release|Any CPU.ActiveCfg = Release|Any CPU
		{FAD24787-F032-4C5B-AA08-049246B04708}.Release|Any CPU.Build.0 = Release|Any CPU
		{6C661C96-CB6B-4336-8313-F72AE3B13612}.Debug|Any CPU.ActiveCfg = Debug|Any CPU
		{6C661C96-CB6B-4336-8313-F72AE3B13612}.Debug|Any CPU.Build.0 = Debug|Any CPU
		{6C661C96-CB6B-4336-8313-F72AE3B13612}.Release|Any CPU.ActiveCfg = Release|Any CPU
		{6C661C96-CB6B-4336-8313-F72AE3B13612}.Release|Any CPU.Build.0 = Release|Any CPU
	EndGlobalSection
	GlobalSection(SolutionProperties) = preSolution
		HideSolutionNode = FALSE
	EndGlobalSection
EndGlobal
